{
  "name": "bolt-js-starter-template",
  "version": "1.0.0",
  "lockfileVersion": 1,
  "requires": true,
  "dependencies": {
    "@slack/cli-hooks": {
      "version": "1.3.0",
      "resolved": "https://registry.npmjs.org/@slack/cli-hooks/-/cli-hooks-1.3.0.tgz",
      "integrity": "sha512-I9hZtVWAzaRT7VBvBa5oRa7w5kZI1N8X61XDj8WJec4BVDjXD2N34TE5rFN6ckRi+Hrq6DuuLeN4EokPYab+AA==",
      "dev": true,
      "requires": {
        "minimist": "^1.2.8",
        "semver": "^7.5.4"
      }
    },
    "minimist": {
      "version": "1.2.8",
      "resolved": "https://registry.npmjs.org/minimist/-/minimist-1.2.8.tgz",
      "integrity": "sha512-2yyAR8qBkN3YuheJanUpWC5U3bb5osDywNB8RzDVlDwDHbocAJveqqj1u8+SVD7jkWT4yvsHCpWqqWqAxb0zCA==",
      "dev": true
    },
    "semver": {
      "version": "7.7.4",
      "resolved": "https://registry.npmjs.org/semver/-/semver-7.7.4.tgz",
      "integrity": "sha512-vFKC2IEtQnVhpT78h1Yp8wzwrf8CM+MzKMHGJZfBtzhZNycRFnXsHk6E5TxIkkMsgNS7mdX3AGB7x2QM2di4lA==",
      "dev": true
    }
  }
}
